
Microsoft Visual Studio Solution File, Format Version 12.00
# Visual Studio Version 17
VisualStudioVersion = 17.9.34902.65
MinimumVisualStudioVersion = 10.0.40219.1
Project("{FAE04EC0-301F-11D3-BF4B-00C04F79EFBC}") = "BNManager", "BNManager\BNManager.csproj", "{199F37FE-4E77-4571-9A37-5A7945111992}"
EndProject
Global
	GlobalSection(SolutionConfigurationPlatforms) = preSolution
		Debug|ARM64 = Debug|ARM64
		Debug|x64 = Debug|x64
		Debug|x86 = Debug|x86
		Release|ARM64 = Release|ARM64
		Release|x64 = Release|x64
		Release|x86 = Release|x86
	EndGlobalSection
	GlobalSection(ProjectConfigurationPlatforms) = postSolution
		{199F37FE-4E77-4571-9A37-5A7945111992}.Debug|ARM64.ActiveCfg = Debug|ARM64
		{199F37FE-4E77-4571-9A37-5A7945111992}.Debug|ARM64.Build.0 = Debug|ARM64
		{199F37FE-4E77-4571-9A37-5A7945111992}.Debug|ARM64.Deploy.0 = Debug|ARM64
		{199F37FE-4E77-4571-9A37-5A7945111992}.Debug|x64.ActiveCfg = Debug|x64
		{199F37FE-4E77-4571-9A37-5A7945111992}.Debug|x64.Build.0 = Debug|x64
		{199F37FE-4E77-4571-9A37-5A7945111992}.Debug|x64.Deploy.0 = Debug|x64
		{199F37FE-4E77-4571-9A37-5A7945111992}.Debug|x86.ActiveCfg = Debug|x86
		{199F37FE-4E77-4571-9A37-5A7945111992}.Debug|x86.Build.0 = Debug|x86
		{199F37FE-4E77-4571-9A37-5A7945111992}.Debug|x86.Deploy.0 = Debug|x86
		{199F37FE-4E77-4571-9A37-5A7945111992}.Release|ARM64.ActiveCfg = Release|ARM64
		{199F37FE-4E77-4571-9A37-5A7945111992}.Release|ARM64.Build.0 = Release|ARM64
		{199F37FE-4E77-4571-9A37-5A7945111992}.Release|ARM64.Deploy.0 = Release|ARM64
		{199F37FE-4E77-4571-9A37-5A7945111992}.Release|x64.ActiveCfg = Release|x64
		{199F37FE-4E77-4571-9A37-5A7945111992}.Release|x64.Build.0 = Release|x64
		{199F37FE-4E77-4571-9A37-5A7945111992}.Release|x64.Deploy.0 = Release|x64
		{199F37FE-4E77-4571-9A37-5A7945111992}.Release|x86.ActiveCfg = Release|x86
		{199F37FE-4E77-4571-9A37-5A7945111992}.Release|x86.Build.0 = Release|x86
		{199F37FE-4E77-4571-9A37-5A7945111992}.Release|x86.Deploy.0 = Release|x86
	EndGlobalSection
	GlobalSection(SolutionProperties) = preSolution
		HideSolutionNode = FALSE
	EndGlobalSection
	GlobalSection(ExtensibilityGlobals) = postSolution
		SolutionGuid = {29B4018D-CA14-4422-846E-5A9407A354AB}
	EndGlobalSection
EndGlobal
